
Microsoft Visual Studio Solution File, Format Version 12.00
# Visual Studio Version 17
VisualStudioVersion = 17.8.34330.188
MinimumVisualStudioVersion = 10.0.40219.1
Project("{FAE04EC0-301F-11D3-BF4B-00C04F79EFBC}") = "AvraamProject.UWP", "AvraamProject\AvraamProject.UWP\AvraamProject.UWP.csproj", "{FC70C0E9-7EB9-49B6-B6C9-571D6A50F40A}"
EndProject
Project("{FAE04EC0-301F-11D3-BF4B-00C04F79EFBC}") = "AvraamProject.Android", "AvraamProject\AvraamProject.Android\AvraamProject.Android.csproj", "{B926808F-3C4C-4408-8D72-217C13292E95}"
EndProject
Project("{FAE04EC0-301F-11D3-BF4B-00C04F79EFBC}") = "AvraamProject.iOS", "AvraamProject\AvraamProject.iOS\AvraamProject.iOS.csproj", "{8A6A0E8C-3C25-4E51-BAB2-22D197A7BE8B}"
EndProject
Project("{9A19103F-16F7-4668-BE54-9A1E7A4F7556}") = "AvraamProject", "AvraamProject\AvraamProject\AvraamProject.csproj", "{CB7FBCDB-5EB3-446D-A5CB-26867F1C432B}"
EndProject
Global
	GlobalSection(SolutionConfigurationPlatforms) = preSolution
		Debug|Any CPU = Debug|Any CPU
		Debug|ARM = Debug|ARM
		Debug|iPhone = Debug|iPhone
		Debug|iPhoneSimulator = Debug|iPhoneSimulator
		Debug|x64 = Debug|x64
		Debug|x86 = Debug|x86
		Release|Any CPU = Release|Any CPU
		Release|ARM = Release|ARM
		Release|iPhone = Release|iPhone
		Release|iPhoneSimulator = Release|iPhoneSimulator
		Release|x64 = Release|x64
		Release|x86 = Release|x86
	EndGlobalSection
	GlobalSection(ProjectConfigurationPlatforms) = postSolution
		{FC70C0E9-7EB9-49B6-B6C9-571D6A50F40A}.Debug|Any CPU.ActiveCfg = Debug|x64
		{FC70C0E9-7EB9-49B6-B6C9-571D6A50F40A}.Debug|Any CPU.Build.0 = Debug|x64
		{FC70C0E9-7EB9-49B6-B6C9-571D6A50F40A}.Debug|Any CPU.Deploy.0 = Debug|x64
		{FC70C0E9-7EB9-49B6-B6C9-571D6A50F40A}.Debug|ARM.ActiveCfg = Debug|ARM
		{FC70C0E9-7EB9-49B6-B6C9-571D6A50F40A}.Debug|ARM.Build.0 = Debug|ARM
		{FC70C0E9-7EB9-49B6-B6C9-571D6A50F40A}.Debug|ARM.Deploy.0 = Debug|ARM
		{FC70C0E9-7EB9-49B6-B6C9-571D6A50F40A}.Debug|iPhone.ActiveCfg = Debug|x64
		{FC70C0E9-7EB9-49B6-B6C9-571D6A50F40A}.Debug|iPhone.Build.0 = Debug|x64
		{FC70C0E9-7EB9-49B6-B6C9-571D6A50F40A}.Debug|iPhone.Deploy.0 = Debug|x64
		{FC70C0E9-7EB9-49B6-B6C9-571D6A50F40A}.Debug|iPhoneSimulator.ActiveCfg = Debug|x64
		{FC70C0E9-7EB9-49B6-B6C9-571D6A50F40A}.Debug|iPhoneSimulator.Build.0 = Debug|x64
		{FC70C0E9-7EB9-49B6-B6C9-571D6A50F40A}.Debug|iPhoneSimulator.Deploy.0 = Debug|x64
		{FC70C0E9-7EB9-49B6-B6C9-571D6A50F40A}.Debug|x64.ActiveCfg = Debug|x64
		{FC70C0E9-7EB9-49B6-B6C9-571D6A50F40A}.Debug|x64.Build.0 = Debug|x64
		{FC70C0E9-7EB9-49B6-B6C9-571D6A50F40A}.Debug|x64.Deploy.0 = Debug|x64
		{FC70C0E9-7EB9-49B6-B6C9-571D6A50F40A}.Debug|x86.ActiveCfg = Debug|x86
		{FC70C0E9-7EB9-49B6-B6C9-571D6A50F40A}.Debug|x86.Build.0 = Debug|x86
		{FC70C0E9-7EB9-49B6-B6C9-571D6A50F40A}.Debug|x86.Deploy.0 = Debug|x86
		{FC70C0E9-7EB9-49B6-B6C9-571D6A50F40A}.Release|Any CPU.ActiveCfg = Release|x64
		{FC70C0E9-7EB9-49B6-B6C9-571D6A50F40A}.Release|Any CPU.Build.0 = Release|x64
		{FC70C0E9-7EB9-49B6-B6C9-571D6A50F40A}.Release|Any CPU.Deploy.0 = Release|x64
		{FC70C0E9-7EB9-49B6-B6C9-571D6A50F40A}.Release|ARM.ActiveCfg = Release|ARM
		{FC70C0E9-7EB9-49B6-B6C9-571D6A50F40A}.Release|ARM.Build.0 = Release|ARM
		{FC70C0E9-7EB9-49B6-B6C9-571D6A50F40A}.Release|ARM.Deploy.0 = Release|ARM
		{FC70C0E9-7EB9-49B6-B6C9-571D6A50F40A}.Release|iPhone.ActiveCfg = Release|x64
		{FC70C0E9-7EB9-49B6-B6C9-571D6A50F40A}.Release|iPhone.Build.0 = Release|x64
		{FC70C0E9-7EB9-49B6-B6C9-571D6A50F40A}.Release|iPhone.Deploy.0 = Release|x64
		{FC70C0E9-7EB9-49B6-B6C9-571D6A50F40A}.Release|iPhoneSimulator.ActiveCfg = Release|x64
		{FC70C0E9-7EB9-49B6-B6C9-571D6A50F40A}.Release|iPhoneSimulator.Build.0 = Release|x64
		{FC70C0E9-7EB9-49B6-B6C9-571D6A50F40A}.Release|iPhoneSimulator.Deploy.0 = Release|x64
		{FC70C0E9-7EB9-49B6-B6C9-571D6A50F40A}.Release|x64.ActiveCfg = Release|x64
		{FC70C0E9-7EB9-49B6-B6C9-571D6A50F40A}.Release|x64.Build.0 = Release|x64
		{FC70C0E9-7EB9-49B6-B6C9-571D6A50F40A}.Release|x64.Deploy.0 = Release|x64
		{FC70C0E9-7EB9-49B6-B6C9-571D6A50F40A}.Release|x86.ActiveCfg = Release|x86
		{FC70C0E9-7EB9-49B6-B6C9-571D6A50F40A}.Release|x86.Build.0 = Release|x86
		{FC70C0E9-7EB9-49B6-B6C9-571D6A50F40A}.Release|x86.Deploy.0 = Release|x86
		{B926808F-3C4C-4408-8D72-217C13292E95}.Debug|Any CPU.ActiveCfg = Debug|Any CPU
		{B926808F-3C4C-4408-8D72-217C13292E95}.Debug|Any CPU.Build.0 = Debug|Any CPU
		{B926808F-3C4C-4408-8D72-217C13292E95}.Debug|Any CPU.Deploy.0 = Debug|Any CPU
		{B926808F-3C4C-4408-8D72-217C13292E95}.Debug|ARM.ActiveCfg = Debug|Any CPU
		{B926808F-3C4C-4408-8D72-217C13292E95}.Debug|ARM.Build.0 = Debug|Any CPU
		{B926808F-3C4C-4408-8D72-217C13292E95}.Debug|ARM.Deploy.0 = Debug|Any CPU
		{B926808F-3C4C-4408-8D72-217C13292E95}.Debug|iPhone.ActiveCfg = Debug|Any CPU
		{B926808F-3C4C-4408-8D72-217C13292E95}.Debug|iPhone.Build.0 = Debug|Any CPU
		{B926808F-3C4C-4408-8D72-217C13292E95}.Debug|iPhone.Deploy.0 = Debug|Any CPU
		{B926808F-3C4C-4408-8D72-217C13292E95}.Debug|iPhoneSimulator.ActiveCfg = Debug|Any CPU
		{B926808F-3C4C-4408-8D72-217C13292E95}.Debug|iPhoneSimulator.Build.0 = Debug|Any CPU
		{B926808F-3C4C-4408-8D72-217C13292E95}.Debug|iPhoneSimulator.Deploy.0 = Debug|Any CPU
		{B926808F-3C4C-4408-8D72-217C13292E95}.Debug|x64.ActiveCfg = Debug|Any CPU
		{B926808F-3C4C-4408-8D72-217C13292E95}.Debug|x64.Build.0 = Debug|Any CPU
		{B926808F-3C4C-4408-8D72-217C13292E95}.Debug|x64.Deploy.0 = Debug|Any CPU
		{B926808F-3C4C-4408-8D72-217C13292E95}.Debug|x86.ActiveCfg = Debug|Any CPU
		{B926808F-3C4C-4408-8D72-217C13292E95}.Debug|x86.Build.0 = Debug|Any CPU
		{B926808F-3C4C-4408-8D72-217C13292E95}.Debug|x86.Deploy.0 = Debug|Any CPU
		{B926808F-3C4C-4408-8D72-217C13292E95}.Release|Any CPU.ActiveCfg = Release|Any CPU
		{B926808F-3C4C-4408-8D72-217C13292E95}.Release|Any CPU.Build.0 = Release|Any CPU
		{B926808F-3C4C-4408-8D72-217C13292E95}.Release|Any CPU.Deploy.0 = Release|Any CPU
		{B926808F-3C4C-4408-8D72-217C13292E95}.Release|ARM.ActiveCfg = Release|Any CPU
		{B926808F-3C4C-4408-8D72-217C13292E95}.Release|ARM.Build.0 = Release|Any CPU
		{B926808F-3C4C-4408-8D72-217C13292E95}.Release|ARM.Deploy.0 = Release|Any CPU
		{B926808F-3C4C-4408-8D72-217C13292E95}.Release|iPhone.ActiveCfg = Release|Any CPU
		{B926808F-3C4C-4408-8D72-217C13292E95}.Release|iPhone.Build.0 = Release|Any CPU
		{B926808F-3C4C-4408-8D72-217C13292E95}.Release|iPhone.Deploy.0 = Release|Any CPU
		{B926808F-3C4C-4408-8D72-217C13292E95}.Release|iPhoneSimulator.ActiveCfg = Release|Any CPU
		{B926808F-3C4C-4408-8D72-217C13292E95}.Release|iPhoneSimulator.Build.0 = Release|Any CPU
		{B926808F-3C4C-4408-8D72-217C13292E95}.Release|iPhoneSimulator.Deploy.0 = Release|Any CPU
		{B926808F-3C4C-4408-8D72-217C13292E95}.Release|x64.ActiveCfg = Release|Any CPU
		{B926808F-3C4C-4408-8D72-217C13292E95}.Release|x64.Build.0 = Release|Any CPU
		{B926808F-3C4C-4408-8D72-217C13292E95}.Release|x64.Deploy.0 = Release|Any CPU
		{B926808F-3C4C-4408-8D72-217C13292E95}.Release|x86.ActiveCfg = Release|Any CPU
		{B926808F-3C4C-4408-8D72-217C13292E95}.Release|x86.Build.0 = Release|Any CPU
		{B926808F-3C4C-4408-8D72-217C13292E95}.Release|x86.Deploy.0 = Release|Any CPU
		{8A6A0E8C-3C25-4E51-BAB2-22D197A7BE8B}.Debug|Any CPU.ActiveCfg = Debug|iPhoneSimulator
		{8A6A0E8C-3C25-4E51-BAB2-22D197A7BE8B}.Debug|Any CPU.Build.0 = Debug|iPhoneSimulator
		{8A6A0E8C-3C25-4E51-BAB2-22D197A7BE8B}.Debug|Any CPU.Deploy.0 = Debug|iPhoneSimulator
		{8A6A0E8C-3C25-4E51-BAB2-22D197A7BE8B}.Debug|ARM.ActiveCfg = Debug|iPhoneSimulator
		{8A6A0E8C-3C25-4E51-BAB2-22D197A7BE8B}.Debug|ARM.Build.0 = Debug|iPhoneSimulator
		{8A6A0E8C-3C25-4E51-BAB2-22D197A7BE8B}.Debug|ARM.Deploy.0 = Debug|iPhoneSimulator
		{8A6A0E8C-3C25-4E51-BAB2-22D197A7BE8B}.Debug|iPhone.ActiveCfg = Debug|iPhone
		{8A6A0E8C-3C25-4E51-BAB2-22D197A7BE8B}.Debug|iPhone.Build.0 = Debug|iPhone
		{8A6A0E8C-3C25-4E51-BAB2-22D197A7BE8B}.Debug|iPhone.Deploy.0 = Debug|iPhone
		{8A6A0E8C-3C25-4E51-BAB2-22D197A7BE8B}.Debug|iPhoneSimulator.ActiveCfg = Debug|iPhoneSimulator
		{8A6A0E8C-3C25-4E51-BAB2-22D197A7BE8B}.Debug|iPhoneSimulator.Build.0 = Debug|iPhoneSimulator
		{8A6A0E8C-3C25-4E51-BAB2-22D197A7BE8B}.Debug|iPhoneSimulator.Deploy.0 = Debug|iPhoneSimulator
		{8A6A0E8C-3C25-4E51-BAB2-22D197A7BE8B}.Debug|x64.ActiveCfg = Debug|iPhone
		{8A6A0E8C-3C25-4E51-BAB2-22D197A7BE8B}.Debug|x64.Build.0 = Debug|iPhone
		{8A6A0E8C-3C25-4E51-BAB2-22D197A7BE8B}.Debug|x64.Deploy.0 = Debug|iPhone
		{8A6A0E8C-3C25-4E51-BAB2-22D197A7BE8B}.Debug|x86.ActiveCfg = Debug|iPhoneSimulator
		{8A6A0E8C-3C25-4E51-BAB2-22D197A7BE8B}.Debug|x86.Build.0 = Debug|iPhoneSimulator
		{8A6A0E8C-3C25-4E51-BAB2-22D197A7BE8B}.Debug|x86.Deploy.0 = Debug|iPhoneSimulator
		{8A6A0E8C-3C25-4E51-BAB2-22D197A7BE8B}.Release|Any CPU.ActiveCfg = Release|iPhoneSimulator
		{8A6A0E8C-3C25-4E51-BAB2-22D197A7BE8B}.Release|Any CPU.Build.0 = Release|iPhoneSimulator
		{8A6A0E8C-3C25-4E51-BAB2-22D197A7BE8B}.Release|Any CPU.Deploy.0 = Release|iPhoneSimulator
		{8A6A0E8C-3C25-4E51-BAB2-22D197A7BE8B}.Release|ARM.ActiveCfg = Release|iPhoneSimulator
		{8A6A0E8C-3C25-4E51-BAB2-22D197A7BE8B}.Release|ARM.Build.0 = Release|iPhoneSimulator
		{8A6A0E8C-3C25-4E51-BAB2-22D197A7BE8B}.Release|ARM.Deploy.0 = Release|iPhoneSimulator
		{8A6A0E8C-3C25-4E51-BAB2-22D197A7BE8B}.Release|iPhone.ActiveCfg = Release|iPhone
		{8A6A0E8C-3C25-4E51-BAB2-22D197A7BE8B}.Release|iPhone.Build.0 = Release|iPhone
		{8A6A0E8C-3C25-4E51-BAB2-22D197A7BE8B}.Release|iPhone.Deploy.0 = Release|iPhone
		{8A6A0E8C-3C25-4E51-BAB2-22D197A7BE8B}.Release|iPhoneSimulator.ActiveCfg = Release|iPhoneSimulator
		{8A6A0E8C-3C25-4E51-BAB2-22D197A7BE8B}.Release|iPhoneSimulator.Build.0 = Release|iPhoneSimulator
		{8A6A0E8C-3C25-4E51-BAB2-22D197A7BE8B}.Release|iPhoneSimulator.Deploy.0 = Release|iPhoneSimulator
		{8A6A0E8C-3C25-4E51-BAB2-22D197A7BE8B}.Release|x64.ActiveCfg = Release|iPhoneSimulator
		{8A6A0E8C-3C25-4E51-BAB2-22D197A7BE8B}.Release|x64.Build.0 = Release|iPhoneSimulator
		{8A6A0E8C-3C25-4E51-BAB2-22D197A7BE8B}.Release|x64.Deploy.0 = Release|iPhoneSimulator
		{8A6A0E8C-3C25-4E51-BAB2-22D197A7BE8B}.Release|x86.ActiveCfg = Release|iPhoneSimulator
		{8A6A0E8C-3C25-4E51-BAB2-22D197A7BE8B}.Release|x86.Build.0 = Release|iPhoneSimulator
		{8A6A0E8C-3C25-4E51-BAB2-22D197A7BE8B}.Release|x86.Deploy.0 = Release|iPhoneSimulator
		{CB7FBCDB-5EB3-446D-A5CB-26867F1C432B}.Debug|Any CPU.ActiveCfg = Debug|Any CPU
		{CB7FBCDB-5EB3-446D-A5CB-26867F1C432B}.Debug|Any CPU.Build.0 = Debug|Any CPU
		{CB7FBCDB-5EB3-446D-A5CB-26867F1C432B}.Debug|Any CPU.Deploy.0 = Debug|Any CPU
		{CB7FBCDB-5EB3-446D-A5CB-26867F1C432B}.Debug|ARM.ActiveCfg = Debug|Any CPU
		{CB7FBCDB-5EB3-446D-A5CB-26867F1C432B}.Debug|ARM.Build.0 = Debug|Any CPU
		{CB7FBCDB-5EB3-446D-A5CB-26867F1C432B}.Debug|ARM.Deploy.0 = Debug|Any CPU
		{CB7FBCDB-5EB3-446D-A5CB-26867F1C432B}.Debug|iPhone.ActiveCfg = Debug|Any CPU
		{CB7FBCDB-5EB3-446D-A5CB-26867F1C432B}.Debug|iPhone.Build.0 = Debug|Any CPU
		{CB7FBCDB-5EB3-446D-A5CB-26867F1C432B}.Debug|iPhone.Deploy.0 = Debug|Any CPU
		{CB7FBCDB-5EB3-446D-A5CB-26867F1C432B}.Debug|iPhoneSimulator.ActiveCfg = Debug|Any CPU
		{CB7FBCDB-5EB3-446D-A5CB-26867F1C432B}.Debug|iPhoneSimulator.Build.0 = Debug|Any CPU
		{CB7FBCDB-5EB3-446D-A5CB-26867F1C432B}.Debug|iPhoneSimulator.Deploy.0 = Debug|Any CPU
		{CB7FBCDB-5EB3-446D-A5CB-26867F1C432B}.Debug|x64.ActiveCfg = Debug|Any CPU
		{CB7FBCDB-5EB3-446D-A5CB-26867F1C432B}.Debug|x64.Build.0 = Debug|Any CPU
		{CB7FBCDB-5EB3-446D-A5CB-26867F1C432B}.Debug|x64.Deploy.0 = Debug|Any CPU
		{CB7FBCDB-5EB3-446D-A5CB-26867F1C432B}.Debug|x86.ActiveCfg = Debug|Any CPU
		{CB7FBCDB-5EB3-446D-A5CB-26867F1C432B}.Debug|x86.Build.0 = Debug|Any CPU
		{CB7FBCDB-5EB3-446D-A5CB-26867F1C432B}.Debug|x86.Deploy.0 = Debug|Any CPU
		{CB7FBCDB-5EB3-446D-A5CB-26867F1C432B}.Release|Any CPU.ActiveCfg = Release|Any CPU
		{CB7FBCDB-5EB3-446D-A5CB-26867F1C432B}.Release|Any CPU.Build.0 = Release|Any CPU
		{CB7FBCDB-5EB3-446D-A5CB-26867F1C432B}.Release|Any CPU.Deploy.0 = Release|Any CPU
		{CB7FBCDB-5EB3-446D-A5CB-26867F1C432B}.Release|ARM.ActiveCfg = Release|Any CPU
		{CB7FBCDB-5EB3-446D-A5CB-26867F1C432B}.Release|ARM.Build.0 = Release|Any CPU
		{CB7FBCDB-5EB3-446D-A5CB-26867F1C432B}.Release|ARM.Deploy.0 = Release|Any CPU
		{CB7FBCDB-5EB3-446D-A5CB-26867F1C432B}.Release|iPhone.ActiveCfg = Release|Any CPU
		{CB7FBCDB-5EB3-446D-A5CB-26867F1C432B}.Release|iPhone.Build.0 = Release|Any CPU
		{CB7FBCDB-5EB3-446D-A5CB-26867F1C432B}.Release|iPhone.Deploy.0 = Release|Any CPU
		{CB7FBCDB-5EB3-446D-A5CB-26867F1C432B}.Release|iPhoneSimulator.ActiveCfg = Release|Any CPU
		{CB7FBCDB-5EB3-446D-A5CB-26867F1C432B}.Release|iPhoneSimulator.Build.0 = Release|Any CPU
		{CB7FBCDB-5EB3-446D-A5CB-26867F1C432B}.Release|iPhoneSimulator.Deploy.0 = Release|Any CPU
		{CB7FBCDB-5EB3-446D-A5CB-26867F1C432B}.Release|x64.ActiveCfg = Release|Any CPU
		{CB7FBCDB-5EB3-446D-A5CB-26867F1C432B}.Release|x64.Build.0 = Release|Any CPU
		{CB7FBCDB-5EB3-446D-A5CB-26867F1C432B}.Release|x64.Deploy.0 = Release|Any CPU
		{CB7FBCDB-5EB3-446D-A5CB-26867F1C432B}.Release|x86.ActiveCfg = Release|Any CPU
		{CB7FBCDB-5EB3-446D-A5CB-26867F1C432B}.Release|x86.Build.0 = Release|Any CPU
		{CB7FBCDB-5EB3-446D-A5CB-26867F1C432B}.Release|x86.Deploy.0 = Release|Any CPU
	EndGlobalSection
	GlobalSection(SolutionProperties) = preSolution
		HideSolutionNode = FALSE
	EndGlobalSection
	GlobalSection(ExtensibilityGlobals) = postSolution
		SolutionGuid = {60A0749B-B5AF-42D7-B24F-5F95E6390FDB}
	EndGlobalSection
EndGlobal
